{
  "name": "@invoice-app/frontend",
  "version": "0.1.0",
  "lockfileVersion": 3,
  "requires": true,
  "packages": {
    "": {
      "name": "@invoice-app/frontend",
      "version": "0.1.0",
      "dependencies": {
        "@react-pdf/renderer": "^4.3.1",
        "papaparse": "^5.5.3",
        "react": "^18.2.0",
        "react-dom": "^18.2.0",
        "react-scripts": "5.0.1"
      },
      "devDependencies": {
        "autoprefixer": "^10.4.14",
        "postcss": "^8.4.27",
        "tailwindcss": "^3.3.3"
      }
    },
    "../../node_modules/.pnpm/@react-pdf+renderer@4.3.1_react@18.3.1/node_modules/@react-pdf/renderer": {
      "version": "4.3.1",
      "license": "MIT",
      "dependencies": {
        "@babel/runtime": "^7.20.13",
        "@react-pdf/fns": "3.1.2",
        "@react-pdf/font": "^4.0.3",
        "@react-pdf/layout": "^4.4.1",
        "@react-pdf/pdfkit": "^4.0.4",
        "@react-pdf/primitives": "^4.1.1",
        "@react-pdf/reconciler": "^1.1.4",
        "@react-pdf/render": "^4.3.1",
        "@react-pdf/types": "^2.9.1",
        "events": "^3.3.0",
        "object-assign": "^4.1.1",
        "prop-types": "^15.6.2",
        "queue": "^6.0.1"
      },
      "devDependencies": {
        "@size-limit/preset-big-lib": "^11.0.1",
        "assert": "^2.0.0",
        "browserify-zlib": "^0.2.0",
        "buffer": "^6.0.3",
        "process": "^0.11.10",
        "size-limit": "^11.0.1",
        "util": "^0.12.4"
      },
      "peerDependencies": {
        "react": "^16.8.0 || ^17.0.0 || ^18.0.0 || ^19.0.0"
      }
    },
    "../../node_modules/.pnpm/autoprefixer@10.4.21_postcss@8.5.6/node_modules/autoprefixer": {
      "version": "10.4.21",
      "dev": true,
      "funding": [
        {
          "type": "opencollective",
          "url": "https://opencollective.com/postcss/"
        },
        {
          "type": "tidelift",
          "url": "https://tidelift.com/funding/github/npm/autoprefixer"
        },
        {
          "type": "github",
          "url": "https://github.com/sponsors/ai"
        }
      ],
      "license": "MIT",
      "dependencies": {
        "browserslist": "^4.24.4",
        "caniuse-lite": "^1.0.30001702",
        "fraction.js": "^4.3.7",
        "normalize-range": "^0.1.2",
        "picocolors": "^1.1.1",
        "postcss-value-parser": "^4.2.0"
      },
      "bin": {
        "autoprefixer": "bin/autoprefixer"
      },
      "engines": {
        "node": "^10 || ^12 || >=14"
      },
      "peerDependencies": {
        "postcss": "^8.1.0"
      }
    },
    "../../node_modules/.pnpm/html2canvas@1.4.1/node_modules/html2canvas": {
      "version": "1.4.1",
      "extraneous": true,
      "license": "MIT",
      "dependencies": {
        "css-line-break": "^2.1.0",
        "text-segmentation": "^1.0.3"
      },
      "devDependencies": {
        "@babel/cli": "^7.4.3",
        "@babel/core": "^7.4.3",
        "@babel/preset-env": "^7.4.3",
        "@babel/preset-flow": "^7.0.0",
        "@rollup/plugin-commonjs": "^19.0.0",
        "@rollup/plugin-json": "^4.1.0",
        "@rollup/plugin-node-resolve": "^13.0.0",
        "@rollup/plugin-typescript": "^8.2.1",
        "@types/chai": "^4.1.7",
        "@types/express": "^4.17.13",
        "@types/glob": "^7.1.1",
        "@types/jest": "^26.0.24",
        "@types/jest-image-snapshot": "^4.3.1",
        "@types/karma": "^6.3.0",
        "@types/mocha": "^8.2.3",
        "@types/node": "^16.3.1",
        "@types/platform": "^1.3.4",
        "@types/promise-polyfill": "^6.0.3",
        "@typescript-eslint/eslint-plugin": "^4.28.2",
        "@typescript-eslint/parser": "^4.28.2",
        "appium-ios-simulator": "^3.10.0",
        "babel-eslint": "^10.0.1",
        "babel-loader": "^8.0.5",
        "babel-plugin-add-module-exports": "^1.0.2",
        "babel-plugin-dev-expression": "^0.2.1",
        "base64-arraybuffer": "1.0.1",
        "body-parser": "^1.19.0",
        "chai": "4.1.1",
        "chromeless": "^1.5.2",
        "cors": "^2.8.5",
        "es6-promise": "^4.2.8",
        "eslint": "^7.30.0",
        "eslint-config-prettier": "^8.3.0",
        "eslint-plugin-prettier": "3.4.0",
        "express": "^4.17.1",
        "filenamify-url": "1.0.0",
        "glob": "7.1.3",
        "html2canvas-proxy": "1.0.1",
        "jest": "^27.0.6",
        "jest-image-snapshot": "^4.5.1",
        "jquery": "^3.5.1",
        "js-polyfills": "^0.1.42",
        "karma": "^6.3.2",
        "karma-chrome-launcher": "^3.1.0",
        "karma-edge-launcher": "^0.4.2",
        "karma-firefox-launcher": "^2.1.0",
        "karma-ie-launcher": "^1.0.0",
        "karma-junit-reporter": "^2.0.1",
        "karma-mocha": "^2.0.1",
        "karma-safarinative-launcher": "^1.1.0",
        "karma-sauce-launcher": "^2.0.2",
        "mocha": "^9.0.2",
        "node-simctl": "^5.3.0",
        "platform": "^1.3.6",
        "prettier": "^2.3.2",
        "replace-in-file": "^3.0.0",
        "rimraf": "^3.0.2",
        "rollup": "^2.53.1",
        "rollup-plugin-sourcemaps": "^0.6.3",
        "serve-index": "^1.9.1",
        "slash": "1.0.0",
        "standard-version": "^8.0.2",
        "ts-jest": "^27.0.3",
        "ts-loader": "^8.3.0",
        "ts-node": "^10.1.0",
        "tslib": "^2.3.0",
        "typescript": "^4.3.5",
        "uglify-js": "^3.13.10",
        "uglifyjs-webpack-plugin": "^2.2.0",
        "webpack": "^4.46.0",
        "webpack-cli": "^3.3.12",
        "yargs": "^17.0.1"
      },
      "engines": {
        "node": ">=8.0.0"
      }
    },
    "../../node_modules/.pnpm/jspdf@3.0.3/node_modules/jspdf": {
      "version": "3.0.3",
      "extraneous": true,
      "license": "MIT",
      "dependencies": {
        "@babel/runtime": "^7.26.9",
        "fast-png": "^6.2.0",
        "fflate": "^0.8.1"
      },
      "devDependencies": {
        "@babel/core": "^7.10.4",
        "@babel/plugin-transform-runtime": "^7.14.5",
        "@babel/preset-env": "^7.10.4",
        "@rollup/plugin-babel": "^5.3.0",
        "@rollup/plugin-replace": "^2.3.3",
        "@rollup/plugin-terser": "^0.4.4",
        "@rollup/plugin-typescript": "^8.0.0",
        "@types/jasmine": "^3.5.11",
        "@types/node": "^20.16.5",
        "@typescript-eslint/eslint-plugin": "^3.6.0",
        "@typescript-eslint/parser": "^3.6.0",
        "chalk": "^4.1.0",
        "codeclimate-test-reporter": "^0.5.1",
        "core-js": "^3.33.0",
        "diff": "^4.0.2",
        "docdash": "^1.2.0",
        "eslint": "^7.4.0",
        "eslint-plugin-jasmine": "^4.1.1",
        "folder-delete": "^1.0.4",
        "inquirer": "^6.5.2",
        "jasmine": "3.5.0",
        "jasmine-core": "3.5.0",
        "jasmine-expect": "4.0.3",
        "jsdoc": "^3.6.3",
        "karma": "5.1.0",
        "karma-babel-preprocessor": "8.0.1",
        "karma-chrome-launcher": "3.1.0",
        "karma-coverage": "2.0.2",
        "karma-firefox-launcher": "1.3.0",
        "karma-ie-launcher": "1.0.0",
        "karma-jasmine": "3.3.1",
        "karma-jasmine-matchers": "4.0.2",
        "karma-mocha-reporter": "2.2.5",
        "karma-rollup-preprocessor": "^7.0.7",
        "karma-typescript": "^5.5.4",
        "karma-verbose-reporter": "0.0.6",
        "local-web-server": "^4.2.1",
        "log-utils": "^1.0.0",
        "markdown": "0.5.0",
        "preprocess": "^3.2.0",
        "prettier": "^1.19.1",
        "regenerator-runtime": "^0.13.5",
        "requirejs": "^2.3.6",
        "rollup": "^2.18.2",
        "rollup-plugin-commonjs": "^10.1.0",
        "rollup-plugin-license": "^2.1.0",
        "rollup-plugin-node-resolve": "5.2.0",
        "rollup-plugin-preprocess": "0.0.4",
        "typescript": "^5.6.2",
        "yarpm": "^0.2.1"
      },
      "optionalDependencies": {
        "canvg": "^3.0.11",
        "core-js": "^3.6.0",
        "dompurify": "^3.2.4",
        "html2canvas": "^1.0.0-rc.5"
      }
    },
    "../../node_modules/.pnpm/papaparse@5.5.3/node_modules/papaparse": {
      "version": "5.5.3",
      "license": "MIT",
      "devDependencies": {
        "chai": "^4.2.0",
        "connect": "^3.3.3",
        "eslint": "^4.19.1",
        "grunt": "^1.5.2",
        "grunt-contrib-uglify": "^5.2.0",
        "mocha": "^5.2.0",
        "mocha-headless-chrome": "^4.0.0",
        "open": "7.0.0",
        "serve-static": "^1.7.1"
      }
    },
    "../../node_modules/.pnpm/postcss@8.5.6/node_modules/postcss": {
      "version": "8.5.6",
      "dev": true,
      "funding": [
        {
          "type": "opencollective",
          "url": "https://opencollective.com/postcss/"
        },
        {
          "type": "tidelift",
          "url": "https://tidelift.com/funding/github/npm/postcss"
        },
        {
          "type": "github",
          "url": "https://github.com/sponsors/ai"
        }
      ],
      "license": "MIT",
      "dependencies": {
        "nanoid": "^3.3.11",
        "picocolors": "^1.1.1",
        "source-map-js": "^1.2.1"
      },
      "engines": {
        "node": "^10 || ^12 || >=14"
      }
    },
    "../../node_modules/.pnpm/react-dom@18.3.1_react@18.3.1/node_modules/react-dom": {
      "version": "18.3.1",
      "license": "MIT",
      "dependencies": {
        "loose-envify": "^1.1.0",
        "scheduler": "^0.23.2"
      },
      "peerDependencies": {
        "react": "^18.3.1"
      }
    },
    "../../node_modules/.pnpm/react-scripts@5.0.1_@babel+_e918498735748b2bdea1501d5777aa91/node_modules/react-scripts": {
      "version": "5.0.1",
      "license": "MIT",
      "dependencies": {
        "@babel/core": "^7.16.0",
        "@pmmmwh/react-refresh-webpack-plugin": "^0.5.3",
        "@svgr/webpack": "^5.5.0",
        "babel-jest": "^27.4.2",
        "babel-loader": "^8.2.3",
        "babel-plugin-named-asset-import": "^0.3.8",
        "babel-preset-react-app": "^10.0.1",
        "bfj": "^7.0.2",
        "browserslist": "^4.18.1",
        "camelcase": "^6.2.1",
        "case-sensitive-paths-webpack-plugin": "^2.4.0",
        "css-loader": "^6.5.1",
        "css-minimizer-webpack-plugin": "^3.2.0",
        "dotenv": "^10.0.0",
        "dotenv-expand": "^5.1.0",
        "eslint": "^8.3.0",
        "eslint-config-react-app": "^7.0.1",
        "eslint-webpack-plugin": "^3.1.1",
        "file-loader": "^6.2.0",
        "fs-extra": "^10.0.0",
        "html-webpack-plugin": "^5.5.0",
        "identity-obj-proxy": "^3.0.0",
        "jest": "^27.4.3",
        "jest-resolve": "^27.4.2",
        "jest-watch-typeahead": "^1.0.0",
        "mini-css-extract-plugin": "^2.4.5",
        "postcss": "^8.4.4",
        "postcss-flexbugs-fixes": "^5.0.2",
        "postcss-loader": "^6.2.1",
        "postcss-normalize": "^10.0.1",
        "postcss-preset-env": "^7.0.1",
        "prompts": "^2.4.2",
        "react-app-polyfill": "^3.0.0",
        "react-dev-utils": "^12.0.1",
        "react-refresh": "^0.11.0",
        "resolve": "^1.20.0",
        "resolve-url-loader": "^4.0.0",
        "sass-loader": "^12.3.0",
        "semver": "^7.3.5",
        "source-map-loader": "^3.0.0",
        "style-loader": "^3.3.1",
        "tailwindcss": "^3.0.2",
        "terser-webpack-plugin": "^5.2.5",
        "webpack": "^5.64.4",
        "webpack-dev-server": "^4.6.0",
        "webpack-manifest-plugin": "^4.0.2",
        "workbox-webpack-plugin": "^6.4.1"
      },
      "bin": {
        "react-scripts": "bin/react-scripts.js"
      },
      "devDependencies": {
        "react": "^18.0.0",
        "react-dom": "^18.0.0"
      },
      "engines": {
        "node": ">=14.0.0"
      },
      "optionalDependencies": {
        "fsevents": "^2.3.2"
      },
      "peerDependencies": {
        "react": ">= 16",
        "typescript": "^3.2.1 || ^4"
      },
      "peerDependenciesMeta": {
        "typescript": {
          "optional": true
        }
      }
    },
    "../../node_modules/.pnpm/react@18.3.1/node_modules/react": {
      "version": "18.3.1",
      "license": "MIT",
      "dependencies": {
        "loose-envify": "^1.1.0"
      },
      "engines": {
        "node": ">=0.10.0"
      }
    },
    "../../node_modules/.pnpm/tailwindcss@3.4.18/node_modules/tailwindcss": {
      "version": "3.4.18",
      "dev": true,
      "license": "MIT",
      "dependencies": {
        "@alloc/quick-lru": "^5.2.0",
        "arg": "^5.0.2",
        "chokidar": "^3.6.0",
        "didyoumean": "^1.2.2",
        "dlv": "^1.1.3",
        "fast-glob": "^3.3.2",
        "glob-parent": "^6.0.2",
        "is-glob": "^4.0.3",
        "jiti": "^1.21.7",
        "lilconfig": "^3.1.3",
        "micromatch": "^4.0.8",
        "normalize-path": "^3.0.0",
        "object-hash": "^3.0.0",
        "picocolors": "^1.1.1",
        "postcss": "^8.4.47",
        "postcss-import": "^15.1.0",
        "postcss-js": "^4.0.1",
        "postcss-load-config": "^4.0.2 || ^5.0 || ^6.0",
        "postcss-nested": "^6.2.0",
        "postcss-selector-parser": "^6.1.2",
        "resolve": "^1.22.8",
        "sucrase": "^3.35.0"
      },
      "bin": {
        "tailwind": "lib/cli.js",
        "tailwindcss": "lib/cli.js"
      },
      "devDependencies": {
        "@swc/cli": "0.1.62",
        "@swc/core": "1.3.55",
        "@swc/jest": "0.2.26",
        "@swc/register": "0.1.10",
        "autoprefixer": "^10.4.20",
        "browserslist": "^4.24.0",
        "concurrently": "^8.2.2",
        "cssnano": "^6.1.2",
        "esbuild": "^0.24.0",
        "eslint": "^8.57.1",
        "eslint-config-prettier": "^8.10.0",
        "eslint-plugin-prettier": "^4.2.1",
        "jest": "^29.7.0",
        "jest-diff": "^29.7.0",
        "lightningcss": "1.27.0",
        "prettier": "^2.8.8",
        "rimraf": "^5.0.10",
        "source-map-js": "^1.2.1",
        "turbo": "^1.13.4"
      },
      "engines": {
        "node": ">=14.0.0"
      }
    },
    "node_modules/@react-pdf/renderer": {
      "resolved": "../../node_modules/.pnpm/@react-pdf+renderer@4.3.1_react@18.3.1/node_modules/@react-pdf/renderer",
      "link": true
    },
    "node_modules/autoprefixer": {
      "resolved": "../../node_modules/.pnpm/autoprefixer@10.4.21_postcss@8.5.6/node_modules/autoprefixer",
      "link": true
    },
    "node_modules/papaparse": {
      "resolved": "../../node_modules/.pnpm/papaparse@5.5.3/node_modules/papaparse",
      "link": true
    },
    "node_modules/postcss": {
      "resolved": "../../node_modules/.pnpm/postcss@8.5.6/node_modules/postcss",
      "link": true
    },
    "node_modules/react": {
      "resolved": "../../node_modules/.pnpm/react@18.3.1/node_modules/react",
      "link": true
    },
    "node_modules/react-dom": {
      "resolved": "../../node_modules/.pnpm/react-dom@18.3.1_react@18.3.1/node_modules/react-dom",
      "link": true
    },
    "node_modules/react-scripts": {
      "resolved": "../../node_modules/.pnpm/react-scripts@5.0.1_@babel+_e918498735748b2bdea1501d5777aa91/node_modules/react-scripts",
      "link": true
    },
    "node_modules/tailwindcss": {
      "resolved": "../../node_modules/.pnpm/tailwindcss@3.4.18/node_modules/tailwindcss",
      "link": true
    }
  }
}
